
Microsoft Visual Studio Solution File, Format Version 12.00
# Visual Studio Version 17
VisualStudioVersion = 17.4.33213.308
MinimumVisualStudioVersion = 10.0.40219.1
Project("{FAE04EC0-301F-11D3-BF4B-00C04F79EFBC}") = "ValuObjectsWebApi", "ValuObjectsWebApi.csproj", "{87759EF7-B7EA-45AF-9E81-696D43981B5E}"
EndProject
Global
	GlobalSection(SolutionConfigurationPlatforms) = preSolution
		Debug|Any CPU = Debug|Any CPU
		Release|Any CPU = Release|Any CPU
	EndGlobalSection
	GlobalSection(ProjectConfigurationPlatforms) = postSolution
		{87759EF7-B7EA-45AF-9E81-696D43981B5E}.Debug|Any CPU.ActiveCfg = Debug|Any CPU
		{87759EF7-B7EA-45AF-9E81-696D43981B5E}.Debug|Any CPU.Build.0 = Debug|Any CPU
		{87759EF7-B7EA-45AF-9E81-696D43981B5E}.Release|Any CPU.ActiveCfg = Release|Any CPU
		{87759EF7-B7EA-45AF-9E81-696D43981B5E}.Release|Any CPU.Build.0 = Release|Any CPU
	EndGlobalSection
	GlobalSection(SolutionProperties) = preSolution
		HideSolutionNode = FALSE
	EndGlobalSection
	GlobalSection(ExtensibilityGlobals) = postSolution
		SolutionGuid = {CCFE3AA3-A17B-4D18-BA2D-816F7A0C0526}
	EndGlobalSection
EndGlobal
